
Microsoft Visual Studio Solution File, Format Version 12.00
# Visual Studio Version 17
VisualStudioVersion = 17.6.33815.320
MinimumVisualStudioVersion = 10.0.40219.1
Project("{FAE04EC0-301F-11D3-BF4B-00C04F79EFBC}") = "Interview.API", "Interview.API\Interview.API.csproj", "{D2772223-28E2-4517-B3EB-087F2B21CD05}"
EndProject
Project("{FAE04EC0-301F-11D3-BF4B-00C04F79EFBC}") = "Interview1.API", "Interview1.API\Interview1.API.csproj", "{97A35AFB-268E-44E3-B644-98B160741D8D}"
EndProject
Project("{E53339B2-1760-4266-BCC7-CA923CBCF16C}") = "docker-compose", "docker-compose.dcproj", "{CC209952-4320-4FBD-BEF7-363C814CBCC0}"
EndProject
Global
	GlobalSection(SolutionConfigurationPlatforms) = preSolution
		Debug|Any CPU = Debug|Any CPU
		Release|Any CPU = Release|Any CPU
	EndGlobalSection
	GlobalSection(ProjectConfigurationPlatforms) = postSolution
		{D2772223-28E2-4517-B3EB-087F2B21CD05}.Debug|Any CPU.ActiveCfg = Debug|Any CPU
		{D2772223-28E2-4517-B3EB-087F2B21CD05}.Debug|Any CPU.Build.0 = Debug|Any CPU
		{D2772223-28E2-4517-B3EB-087F2B21CD05}.Release|Any CPU.ActiveCfg = Release|Any CPU
		{D2772223-28E2-4517-B3EB-087F2B21CD05}.Release|Any CPU.Build.0 = Release|Any CPU
		{97A35AFB-268E-44E3-B644-98B160741D8D}.Debug|Any CPU.ActiveCfg = Debug|Any CPU
		{97A35AFB-268E-44E3-B644-98B160741D8D}.Debug|Any CPU.Build.0 = Debug|Any CPU
		{97A35AFB-268E-44E3-B644-98B160741D8D}.Release|Any CPU.ActiveCfg = Release|Any CPU
		{97A35AFB-268E-44E3-B644-98B160741D8D}.Release|Any CPU.Build.0 = Release|Any CPU
		{CC209952-4320-4FBD-BEF7-363C814CBCC0}.Debug|Any CPU.ActiveCfg = Debug|Any CPU
		{CC209952-4320-4FBD-BEF7-363C814CBCC0}.Debug|Any CPU.Build.0 = Debug|Any CPU
		{CC209952-4320-4FBD-BEF7-363C814CBCC0}.Release|Any CPU.ActiveCfg = Release|Any CPU
		{CC209952-4320-4FBD-BEF7-363C814CBCC0}.Release|Any CPU.Build.0 = Release|Any CPU
	EndGlobalSection
	GlobalSection(SolutionProperties) = preSolution
		HideSolutionNode = FALSE
	EndGlobalSection
	GlobalSection(ExtensibilityGlobals) = postSolution
		SolutionGuid = {F2720EBB-DA2F-49A8-833D-AC605DB0745D}
	EndGlobalSection
EndGlobal
